
Microsoft Visual Studio Solution File, Format Version 12.00
# Visual Studio Version 17
VisualStudioVersion = 17.0.32014.148
MinimumVisualStudioVersion = 10.0.40219.1
Project("{FAE04EC0-301F-11D3-BF4B-00C04F79EFBC}") = "ServiceRequest", "ServiceRequest.csproj", "{FA37D748-47DD-49F5-8434-206B46A20F72}"
EndProject
Global
	GlobalSection(SolutionConfigurationPlatforms) = preSolution
		Debug|Any CPU = Debug|Any CPU
		Release|Any CPU = Release|Any CPU
	EndGlobalSection
	GlobalSection(ProjectConfigurationPlatforms) = postSolution
		{FA37D748-47DD-49F5-8434-206B46A20F72}.Debug|Any CPU.ActiveCfg = Debug|Any CPU
		{FA37D748-47DD-49F5-8434-206B46A20F72}.Debug|Any CPU.Build.0 = Debug|Any CPU
		{FA37D748-47DD-49F5-8434-206B46A20F72}.Release|Any CPU.ActiveCfg = Release|Any CPU
		{FA37D748-47DD-49F5-8434-206B46A20F72}.Release|Any CPU.Build.0 = Release|Any CPU
	EndGlobalSection
	GlobalSection(SolutionProperties) = preSolution
		HideSolutionNode = FALSE
	EndGlobalSection
	GlobalSection(ExtensibilityGlobals) = postSolution
		SolutionGuid = {B3B20049-EDFD-43DD-AC09-4EABF99D3C5D}
	EndGlobalSection
EndGlobal
